{
  "lockfileVersion": 1,
  "workspaces": {
    "": {
      "name": "jive",
      "dependencies": {
        "@effect/cli": "^0.71.0",
        "@effect/platform": "^0.92.1",
        "@effect/platform-node": "^0.98.3",
        "bun": "^1.3.0",
        "effect": "^3.18.4",
      },
      "devDependencies": {
        "@types/bun": "latest",
        "@types/node": "20.x",
        "typescript": "^5",
      },
    },
  },
  "packages": {
    "@effect/cli": ["@effect/cli@0.71.0", "", { "dependencies": { "ini": "^4.1.3", "toml": "^3.0.0", "yaml": "^2.5.0" }, "peerDependencies": { "@effect/platform": "^0.92.0", "@effect/printer": "^0.46.0", "@effect/printer-ansi": "^0.46.0", "effect": "^3.18.0" } }, "sha512-ZmJpUVyhMpIUsiurf4UmEWTURPhGHtZrLRXkMOqggkhIeVR1kSxn8EM+ZMXLlT/23gxbHN4ymj7BmBjxP1oodA=="],

    "@effect/cluster": ["@effect/cluster@0.50.4", "", { "peerDependencies": { "@effect/platform": "^0.92.1", "@effect/rpc": "^0.71.0", "@effect/sql": "^0.46.0", "@effect/workflow": "^0.11.3", "effect": "^3.18.4" } }, "sha512-9uS2pRN4BCguAGqFCLFlQkReXG993UFj/TLtiwaXsacytKhdlGBU5zDDI/TckbM0wUv4g2nZPRRywqU8qnrvjQ=="],

    "@effect/experimental": ["@effect/experimental@0.56.0", "", { "dependencies": { "uuid": "^11.0.3" }, "peerDependencies": { "@effect/platform": "^0.92.0", "effect": "^3.18.0", "ioredis": "^5", "lmdb": "^3" }, "optionalPeers": ["ioredis", "lmdb"] }, "sha512-ZT9wTUVyDptzdkW4Tfvz5fNzygW9vt5jWcFmKI9SlhZMu9unVJgsBhxWCNYCyfPnxw3n/Z6SEKsqgt8iKQc4MA=="],

    "@effect/platform": ["@effect/platform@0.92.1", "", { "dependencies": { "find-my-way-ts": "^0.1.6", "msgpackr": "^1.11.4", "multipasta": "^0.2.7" }, "peerDependencies": { "effect": "^3.18.1" } }, "sha512-XXWCBVwyhaKZISN7aM1fv/3fWDGyxr84ObywnUrL8aHvJLoIeskWFAP/fqw3c5MFCrJ3ZV97RWLbv6JiBQugdg=="],

    "@effect/platform-node": ["@effect/platform-node@0.98.3", "", { "dependencies": { "@effect/platform-node-shared": "^0.51.3", "mime": "^3.0.0", "undici": "^7.10.0", "ws": "^8.18.2" }, "peerDependencies": { "@effect/cluster": "^0.50.3", "@effect/platform": "^0.92.1", "@effect/rpc": "^0.71.0", "@effect/sql": "^0.46.0", "effect": "^3.18.1" } }, "sha512-90eMWmFSVHrUEreICCd2qLPiw7qcaAv9XTx9OJ+LLv7igQgt4qkisRSK0oxAr5hqU9TdUrsgFDohqe7q7h3ZRg=="],

    "@effect/platform-node-shared": ["@effect/platform-node-shared@0.51.4", "", { "dependencies": { "@parcel/watcher": "^2.5.1", "multipasta": "^0.2.7", "ws": "^8.18.2" }, "peerDependencies": { "@effect/cluster": "^0.50.3", "@effect/platform": "^0.92.1", "@effect/rpc": "^0.71.0", "@effect/sql": "^0.46.0", "effect": "^3.18.2" } }, "sha512-xElU9+cNPa1BnUHAZ3sVVanuuKof8oWQhK7rbyHNqgWM7CZTjv7x9VMDs0X05+1OcTQnnW3E+SrZKIPCfcYlDQ=="],

    "@effect/printer": ["@effect/printer@0.46.0", "", { "peerDependencies": { "@effect/typeclass": "^0.37.0", "effect": "^3.18.0" } }, "sha512-8RbuXDY9ND3M7klt2wCrx4gCDlfecH3bFJl8Co4UenRDiAMa0WoI8GKPqlNA3FonryNYgrMN0TDnk39Yp5GUbQ=="],

    "@effect/printer-ansi": ["@effect/printer-ansi@0.46.0", "", { "dependencies": { "@effect/printer": "^0.46.0" }, "peerDependencies": { "@effect/typeclass": "^0.37.0", "effect": "^3.18.0" } }, "sha512-b+wCoCtmEF/Duobsid2N1JoGvZLiA9Fkcz1G1x/dhXVtsZqaGPa6jNYctopmzBhyuS53kK9XpqnFhEbF6+/5Ug=="],

    "@effect/rpc": ["@effect/rpc@0.71.0", "", { "dependencies": { "msgpackr": "^1.11.4" }, "peerDependencies": { "@effect/platform": "^0.92.0", "effect": "^3.18.0" } }, "sha512-m6mFX0ShdA+fnYAyamz7SRKF4FepaDB/ZhBri6iue26tBF2LrOFJUWewbwv8/LdLSedkO4eukhsHXuEYortL/w=="],

    "@effect/sql": ["@effect/sql@0.46.0", "", { "dependencies": { "uuid": "^11.0.3" }, "peerDependencies": { "@effect/experimental": "^0.56.0", "@effect/platform": "^0.92.0", "effect": "^3.18.0" } }, "sha512-nm9TuTTG7gLmJlIPkf71wA5lXArSvkpm1oYoIF+rhf01wef+1ujz9Mv1SfuzYbzsk7W9+OXUIRMxz/nSlKkiGQ=="],

    "@effect/typeclass": ["@effect/typeclass@0.37.0", "", { "peerDependencies": { "effect": "^3.18.0" } }, "sha512-8PkVWx82gkavYYMDlRV80pM1Ss0dL84wabkho6JjaAuDr+gJKx87N0T6Z+UGroySslsfw1FW1dMibUPH1BXX1w=="],

    "@effect/workflow": ["@effect/workflow@0.11.3", "", { "peerDependencies": { "@effect/platform": "^0.92.1", "@effect/rpc": "^0.71.0", "effect": "^3.18.1" } }, "sha512-3uyj0yOc2QRtQVOw6NEJVEMOhN/F7khhnf3QSU+2T3wvuDag9iBUzJFvSls8PgNCO3j/GgeaWzbcXwxqpFQYOQ=="],

    "@msgpackr-extract/msgpackr-extract-darwin-arm64": ["@msgpackr-extract/msgpackr-extract-darwin-arm64@3.0.3", "", { "os": "darwin", "cpu": "arm64" }, "sha512-QZHtlVgbAdy2zAqNA9Gu1UpIuI8Xvsd1v8ic6B2pZmeFnFcMWiPLfWXh7TVw4eGEZ/C9TH281KwhVoeQUKbyjw=="],

    "@msgpackr-extract/msgpackr-extract-darwin-x64": ["@msgpackr-extract/msgpackr-extract-darwin-x64@3.0.3", "", { "os": "darwin", "cpu": "x64" }, "sha512-mdzd3AVzYKuUmiWOQ8GNhl64/IoFGol569zNRdkLReh6LRLHOXxU4U8eq0JwaD8iFHdVGqSy4IjFL4reoWCDFw=="],

    "@msgpackr-extract/msgpackr-extract-linux-arm": ["@msgpackr-extract/msgpackr-extract-linux-arm@3.0.3", "", { "os": "linux", "cpu": "arm" }, "sha512-fg0uy/dG/nZEXfYilKoRe7yALaNmHoYeIoJuJ7KJ+YyU2bvY8vPv27f7UKhGRpY6euFYqEVhxCFZgAUNQBM3nw=="],

    "@msgpackr-extract/msgpackr-extract-linux-arm64": ["@msgpackr-extract/msgpackr-extract-linux-arm64@3.0.3", "", { "os": "linux", "cpu": "arm64" }, "sha512-YxQL+ax0XqBJDZiKimS2XQaf+2wDGVa1enVRGzEvLLVFeqa5kx2bWbtcSXgsxjQB7nRqqIGFIcLteF/sHeVtQg=="],

    "@msgpackr-extract/msgpackr-extract-linux-x64": ["@msgpackr-extract/msgpackr-extract-linux-x64@3.0.3", "", { "os": "linux", "cpu": "x64" }, "sha512-cvwNfbP07pKUfq1uH+S6KJ7dT9K8WOE4ZiAcsrSes+UY55E/0jLYc+vq+DO7jlmqRb5zAggExKm0H7O/CBaesg=="],

    "@msgpackr-extract/msgpackr-extract-win32-x64": ["@msgpackr-extract/msgpackr-extract-win32-x64@3.0.3", "", { "os": "win32", "cpu": "x64" }, "sha512-x0fWaQtYp4E6sktbsdAqnehxDgEc/VwM7uLsRCYWaiGu0ykYdZPiS8zCWdnjHwyiumousxfBm4SO31eXqwEZhQ=="],

    "@oven/bun-darwin-aarch64": ["@oven/bun-darwin-aarch64@1.3.0", "", { "os": "darwin", "cpu": "arm64" }, "sha512-WeXSaL29ylJEZMYHHW28QZ6rgAbxQ1KuNSZD9gvd3fPlo0s6s2PglvPArjjP07nmvIK9m4OffN0k4M98O7WmAg=="],

    "@oven/bun-darwin-x64": ["@oven/bun-darwin-x64@1.3.0", "", { "os": "darwin", "cpu": "x64" }, "sha512-CFKjoUWQH0Oz3UHYfKbdKLq0wGryrFsTJEYq839qAwHQSECvVZYAnxVVDYUDa0yQFonhO2qSHY41f6HK+b7xtw=="],

    "@oven/bun-darwin-x64-baseline": ["@oven/bun-darwin-x64-baseline@1.3.0", "", { "os": "darwin", "cpu": "x64" }, "sha512-+FSr/ub5vA/EkD3fMhHJUzYioSf/sXd50OGxNDAntVxcDu4tXL/81Ka3R/gkZmjznpLFIzovU/1Ts+b7dlkrfw=="],

    "@oven/bun-linux-aarch64": ["@oven/bun-linux-aarch64@1.3.0", "", { "os": "linux", "cpu": "arm64" }, "sha512-WHthS/eLkCNcp9pk4W8aubRl9fIUgt2XhHyLrP0GClB1FVvmodu/zIOtG0NXNpzlzB8+gglOkGo4dPjfVf4Z+g=="],

    "@oven/bun-linux-aarch64-musl": ["@oven/bun-linux-aarch64-musl@1.3.0", "", { "os": "linux", "cpu": "arm64" }, "sha512-HT5sr7N8NDYbQRjAnT7ISpx64y+ewZZRQozOJb0+KQObKvg4UUNXGm4Pn1xA4/WPMZDDazjO8E2vtOQw1nJlAQ=="],

    "@oven/bun-linux-x64": ["@oven/bun-linux-x64@1.3.0", "", { "os": "linux", "cpu": "x64" }, "sha512-sGEWoJQXO4GDr0x4t/yJQ/Bq1yNkOdX9tHbZZ+DBGJt3z3r7jeb4Digv8xQUk6gdTFC9vnGHuin+KW3/yD1Aww=="],

    "@oven/bun-linux-x64-baseline": ["@oven/bun-linux-x64-baseline@1.3.0", "", { "os": "linux", "cpu": "x64" }, "sha512-OmlEH3nlxQyv7HOvTH21vyNAZGv9DIPnrTznzvKiOQxkOphhCyKvPTlF13ydw4s/i18iwaUrhHy+YG9HSSxa4Q=="],

    "@oven/bun-linux-x64-musl": ["@oven/bun-linux-x64-musl@1.3.0", "", { "os": "linux", "cpu": "x64" }, "sha512-rtzUEzCynl3Rhgn/iR9DQezSFiZMcAXAbU+xfROqsweMGKwvwIA2ckyyckO08psEP8XcUZTs3LT9CH7PnaMiEA=="],

    "@oven/bun-linux-x64-musl-baseline": ["@oven/bun-linux-x64-musl-baseline@1.3.0", "", { "os": "linux", "cpu": "x64" }, "sha512-hrr7mDvUjMX1tuJaXz448tMsgKIqGJBY8+rJqztKOw1U5+a/v2w5HuIIW1ce7ut0ZwEn+KIDvAujlPvpH33vpQ=="],

    "@oven/bun-windows-x64": ["@oven/bun-windows-x64@1.3.0", "", { "os": "win32", "cpu": "x64" }, "sha512-xXwtpZVVP7T+vkxcF/TUVVOGRjEfkByO4mKveKYb4xnHWV4u4NnV0oNmzyMKkvmj10to5j2h0oZxA4ZVVv4gfA=="],

    "@oven/bun-windows-x64-baseline": ["@oven/bun-windows-x64-baseline@1.3.0", "", { "os": "win32", "cpu": "x64" }, "sha512-/jVZ8eYjpYHLDFNoT86cP+AjuWvpkzFY+0R0a1bdeu0sQ6ILuy1FV6hz1hUAP390E09VCo5oP76fnx29giHTtA=="],

    "@parcel/watcher": ["@parcel/watcher@2.5.1", "", { "dependencies": { "detect-libc": "^1.0.3", "is-glob": "^4.0.3", "micromatch": "^4.0.5", "node-addon-api": "^7.0.0" }, "optionalDependencies": { "@parcel/watcher-android-arm64": "2.5.1", "@parcel/watcher-darwin-arm64": "2.5.1", "@parcel/watcher-darwin-x64": "2.5.1", "@parcel/watcher-freebsd-x64": "2.5.1", "@parcel/watcher-linux-arm-glibc": "2.5.1", "@parcel/watcher-linux-arm-musl": "2.5.1", "@parcel/watcher-linux-arm64-glibc": "2.5.1", "@parcel/watcher-linux-arm64-musl": "2.5.1", "@parcel/watcher-linux-x64-glibc": "2.5.1", "@parcel/watcher-linux-x64-musl": "2.5.1", "@parcel/watcher-win32-arm64": "2.5.1", "@parcel/watcher-win32-ia32": "2.5.1", "@parcel/watcher-win32-x64": "2.5.1" } }, "sha512-dfUnCxiN9H4ap84DvD2ubjw+3vUNpstxa0TneY/Paat8a3R4uQZDLSvWjmznAY/DoahqTHl9V46HF/Zs3F29pg=="],

    "@parcel/watcher-android-arm64": ["@parcel/watcher-android-arm64@2.5.1", "", { "os": "android", "cpu": "arm64" }, "sha512-KF8+j9nNbUN8vzOFDpRMsaKBHZ/mcjEjMToVMJOhTozkDonQFFrRcfdLWn6yWKCmJKmdVxSgHiYvTCef4/qcBA=="],

    "@parcel/watcher-darwin-arm64": ["@parcel/watcher-darwin-arm64@2.5.1", "", { "os": "darwin", "cpu": "arm64" }, "sha512-eAzPv5osDmZyBhou8PoF4i6RQXAfeKL9tjb3QzYuccXFMQU0ruIc/POh30ePnaOyD1UXdlKguHBmsTs53tVoPw=="],

    "@parcel/watcher-darwin-x64": ["@parcel/watcher-darwin-x64@2.5.1", "", { "os": "darwin", "cpu": "x64" }, "sha512-1ZXDthrnNmwv10A0/3AJNZ9JGlzrF82i3gNQcWOzd7nJ8aj+ILyW1MTxVk35Db0u91oD5Nlk9MBiujMlwmeXZg=="],

    "@parcel/watcher-freebsd-x64": ["@parcel/watcher-freebsd-x64@2.5.1", "", { "os": "freebsd", "cpu": "x64" }, "sha512-SI4eljM7Flp9yPuKi8W0ird8TI/JK6CSxju3NojVI6BjHsTyK7zxA9urjVjEKJ5MBYC+bLmMcbAWlZ+rFkLpJQ=="],

    "@parcel/watcher-linux-arm-glibc": ["@parcel/watcher-linux-arm-glibc@2.5.1", "", { "os": "linux", "cpu": "arm" }, "sha512-RCdZlEyTs8geyBkkcnPWvtXLY44BCeZKmGYRtSgtwwnHR4dxfHRG3gR99XdMEdQ7KeiDdasJwwvNSF5jKtDwdA=="],

    "@parcel/watcher-linux-arm-musl": ["@parcel/watcher-linux-arm-musl@2.5.1", "", { "os": "linux", "cpu": "arm" }, "sha512-6E+m/Mm1t1yhB8X412stiKFG3XykmgdIOqhjWj+VL8oHkKABfu/gjFj8DvLrYVHSBNC+/u5PeNrujiSQ1zwd1Q=="],

    "@parcel/watcher-linux-arm64-glibc": ["@parcel/watcher-linux-arm64-glibc@2.5.1", "", { "os": "linux", "cpu": "arm64" }, "sha512-LrGp+f02yU3BN9A+DGuY3v3bmnFUggAITBGriZHUREfNEzZh/GO06FF5u2kx8x+GBEUYfyTGamol4j3m9ANe8w=="],

    "@parcel/watcher-linux-arm64-musl": ["@parcel/watcher-linux-arm64-musl@2.5.1", "", { "os": "linux", "cpu": "arm64" }, "sha512-cFOjABi92pMYRXS7AcQv9/M1YuKRw8SZniCDw0ssQb/noPkRzA+HBDkwmyOJYp5wXcsTrhxO0zq1U11cK9jsFg=="],

    "@parcel/watcher-linux-x64-glibc": ["@parcel/watcher-linux-x64-glibc@2.5.1", "", { "os": "linux", "cpu": "x64" }, "sha512-GcESn8NZySmfwlTsIur+49yDqSny2IhPeZfXunQi48DMugKeZ7uy1FX83pO0X22sHntJ4Ub+9k34XQCX+oHt2A=="],

    "@parcel/watcher-linux-x64-musl": ["@parcel/watcher-linux-x64-musl@2.5.1", "", { "os": "linux", "cpu": "x64" }, "sha512-n0E2EQbatQ3bXhcH2D1XIAANAcTZkQICBPVaxMeaCVBtOpBZpWJuf7LwyWPSBDITb7In8mqQgJ7gH8CILCURXg=="],

    "@parcel/watcher-win32-arm64": ["@parcel/watcher-win32-arm64@2.5.1", "", { "os": "win32", "cpu": "arm64" }, "sha512-RFzklRvmc3PkjKjry3hLF9wD7ppR4AKcWNzH7kXR7GUe0Igb3Nz8fyPwtZCSquGrhU5HhUNDr/mKBqj7tqA2Vw=="],

    "@parcel/watcher-win32-ia32": ["@parcel/watcher-win32-ia32@2.5.1", "", { "os": "win32", "cpu": "ia32" }, "sha512-c2KkcVN+NJmuA7CGlaGD1qJh1cLfDnQsHjE89E60vUEMlqduHGCdCLJCID5geFVM0dOtA3ZiIO8BoEQmzQVfpQ=="],

    "@parcel/watcher-win32-x64": ["@parcel/watcher-win32-x64@2.5.1", "", { "os": "win32", "cpu": "x64" }, "sha512-9lHBdJITeNR++EvSQVUcaZoWupyHfXe1jZvGZ06O/5MflPcuPLtEphScIBL+AiCWBO46tDSHzWyD0uDmmZqsgA=="],

    "@standard-schema/spec": ["@standard-schema/spec@1.0.0", "", {}, "sha512-m2bOd0f2RT9k8QJx1JN85cZYyH1RqFBdlwtkSlf4tBDYLCiiZnv1fIIwacK6cqwXavOydf0NPToMQgpKq+dVlA=="],

    "@types/bun": ["@types/bun@1.3.0", "", { "dependencies": { "bun-types": "1.3.0" } }, "sha512-+lAGCYjXjip2qY375xX/scJeVRmZ5cY0wyHYyCYxNcdEXrQ4AOe3gACgd4iQ8ksOslJtW4VNxBJ8llUwc3a6AA=="],

    "@types/node": ["@types/node@20.19.21", "", { "dependencies": { "undici-types": "~6.21.0" } }, "sha512-CsGG2P3I5y48RPMfprQGfy4JPRZ6csfC3ltBZSRItG3ngggmNY/qs2uZKp4p9VbrpqNNSMzUZNFZKzgOGnd/VA=="],

    "@types/react": ["@types/react@19.2.2", "", { "dependencies": { "csstype": "^3.0.2" } }, "sha512-6mDvHUFSjyT2B2yeNx2nUgMxh9LtOWvkhIU3uePn2I2oyNymUAX1NIsdgviM4CH+JSrp2D2hsMvJOkxY+0wNRA=="],

    "braces": ["braces@3.0.3", "", { "dependencies": { "fill-range": "^7.1.1" } }, "sha512-yQbXgO/OSZVD2IsiLlro+7Hf6Q18EJrKSEsdoMzKePKXct3gvD8oLcOQdIzGupr5Fj+EDe8gO/lxc1BzfMpxvA=="],

    "bun": ["bun@1.3.0", "", { "optionalDependencies": { "@oven/bun-darwin-aarch64": "1.3.0", "@oven/bun-darwin-x64": "1.3.0", "@oven/bun-darwin-x64-baseline": "1.3.0", "@oven/bun-linux-aarch64": "1.3.0", "@oven/bun-linux-aarch64-musl": "1.3.0", "@oven/bun-linux-x64": "1.3.0", "@oven/bun-linux-x64-baseline": "1.3.0", "@oven/bun-linux-x64-musl": "1.3.0", "@oven/bun-linux-x64-musl-baseline": "1.3.0", "@oven/bun-windows-x64": "1.3.0", "@oven/bun-windows-x64-baseline": "1.3.0" }, "os": [ "linux", "win32", "darwin", ], "cpu": [ "x64", "arm64", ], "bin": { "bun": "bin/bun.exe", "bunx": "bin/bunx.exe" } }, "sha512-YI7mFs7iWc/VsGsh2aw6eAPD2cjzn1j+LKdYVk09x1CrdTWKYIHyd+dG5iQoN9//3hCDoZj8U6vKpZzEf5UARA=="],

    "bun-types": ["bun-types@1.3.0", "", { "dependencies": { "@types/node": "*" }, "peerDependencies": { "@types/react": "^19" } }, "sha512-u8X0thhx+yJ0KmkxuEo9HAtdfgCBaM/aI9K90VQcQioAmkVp3SG3FkwWGibUFz3WdXAdcsqOcbU40lK7tbHdkQ=="],

    "csstype": ["csstype@3.1.3", "", {}, "sha512-M1uQkMl8rQK/szD0LNhtqxIPLpimGm8sOBwU7lLnCpSbTyY3yeU1Vc7l4KT5zT4s/yOxHH5O7tIuuLOCnLADRw=="],

    "detect-libc": ["detect-libc@1.0.3", "", { "bin": { "detect-libc": "./bin/detect-libc.js" } }, "sha512-pGjwhsmsp4kL2RTz08wcOlGN83otlqHeD/Z5T8GXZB+/YcpQ/dgo+lbU8ZsGxV0HIvqqxo9l7mqYwyYMD9bKDg=="],

    "effect": ["effect@3.18.4", "", { "dependencies": { "@standard-schema/spec": "^1.0.0", "fast-check": "^3.23.1" } }, "sha512-b1LXQJLe9D11wfnOKAk3PKxuqYshQ0Heez+y5pnkd3jLj1yx9QhM72zZ9uUrOQyNvrs2GZZd/3maL0ZV18YuDA=="],

    "fast-check": ["fast-check@3.23.2", "", { "dependencies": { "pure-rand": "^6.1.0" } }, "sha512-h5+1OzzfCC3Ef7VbtKdcv7zsstUQwUDlYpUTvjeUsJAssPgLn7QzbboPtL5ro04Mq0rPOsMzl7q5hIbRs2wD1A=="],

    "fill-range": ["fill-range@7.1.1", "", { "dependencies": { "to-regex-range": "^5.0.1" } }, "sha512-YsGpe3WHLK8ZYi4tWDg2Jy3ebRz2rXowDxnld4bkQB00cc/1Zw9AWnC0i9ztDJitivtQvaI9KaLyKrc+hBW0yg=="],

    "find-my-way-ts": ["find-my-way-ts@0.1.6", "", {}, "sha512-a85L9ZoXtNAey3Y6Z+eBWW658kO/MwR7zIafkIUPUMf3isZG0NCs2pjW2wtjxAKuJPxMAsHUIP4ZPGv0o5gyTA=="],

    "ini": ["ini@4.1.3", "", {}, "sha512-X7rqawQBvfdjS10YU1y1YVreA3SsLrW9dX2CewP2EbBJM4ypVNLDkO5y04gejPwKIY9lR+7r9gn3rFPt/kmWFg=="],

    "is-extglob": ["is-extglob@2.1.1", "", {}, "sha512-SbKbANkN603Vi4jEZv49LeVJMn4yGwsbzZworEoyEiutsN3nJYdbO36zfhGJ6QEDpOZIFkDtnq5JRxmvl3jsoQ=="],

    "is-glob": ["is-glob@4.0.3", "", { "dependencies": { "is-extglob": "^2.1.1" } }, "sha512-xelSayHH36ZgE7ZWhli7pW34hNbNl8Ojv5KVmkJD4hBdD3th8Tfk9vYasLM+mXWOZhFkgZfxhLSnrwRr4elSSg=="],

    "is-number": ["is-number@7.0.0", "", {}, "sha512-41Cifkg6e8TylSpdtTpeLVMqvSBEVzTttHvERD741+pnZ8ANv0004MRL43QKPDlK9cGvNp6NZWZUBlbGXYxxng=="],

    "micromatch": ["micromatch@4.0.8", "", { "dependencies": { "braces": "^3.0.3", "picomatch": "^2.3.1" } }, "sha512-PXwfBhYu0hBCPw8Dn0E+WDYb7af3dSLVWKi3HGv84IdF4TyFoC0ysxFd0Goxw7nSv4T/PzEJQxsYsEiFCKo2BA=="],

    "mime": ["mime@3.0.0", "", { "bin": { "mime": "cli.js" } }, "sha512-jSCU7/VB1loIWBZe14aEYHU/+1UMEHoaO7qxCOVJOw9GgH72VAWppxNcjU+x9a2k3GSIBXNKxXQFqRvvZ7vr3A=="],

    "msgpackr": ["msgpackr@1.11.5", "", { "optionalDependencies": { "msgpackr-extract": "^3.0.2" } }, "sha512-UjkUHN0yqp9RWKy0Lplhh+wlpdt9oQBYgULZOiFhV3VclSF1JnSQWZ5r9gORQlNYaUKQoR8itv7g7z1xDDuACA=="],

    "msgpackr-extract": ["msgpackr-extract@3.0.3", "", { "dependencies": { "node-gyp-build-optional-packages": "5.2.2" }, "optionalDependencies": { "@msgpackr-extract/msgpackr-extract-darwin-arm64": "3.0.3", "@msgpackr-extract/msgpackr-extract-darwin-x64": "3.0.3", "@msgpackr-extract/msgpackr-extract-linux-arm": "3.0.3", "@msgpackr-extract/msgpackr-extract-linux-arm64": "3.0.3", "@msgpackr-extract/msgpackr-extract-linux-x64": "3.0.3", "@msgpackr-extract/msgpackr-extract-win32-x64": "3.0.3" }, "bin": { "download-msgpackr-prebuilds": "bin/download-prebuilds.js" } }, "sha512-P0efT1C9jIdVRefqjzOQ9Xml57zpOXnIuS+csaB4MdZbTdmGDLo8XhzBG1N7aO11gKDDkJvBLULeFTo46wwreA=="],

    "multipasta": ["multipasta@0.2.7", "", {}, "sha512-KPA58d68KgGil15oDqXjkUBEBYc00XvbPj5/X+dyzeo/lWm9Nc25pQRlf1D+gv4OpK7NM0J1odrbu9JNNGvynA=="],

    "node-addon-api": ["node-addon-api@7.1.1", "", {}, "sha512-5m3bsyrjFWE1xf7nz7YXdN4udnVtXK6/Yfgn5qnahL6bCkf2yKt4k3nuTKAtT4r3IG8JNR2ncsIMdZuAzJjHQQ=="],

    "node-gyp-build-optional-packages": ["node-gyp-build-optional-packages@5.2.2", "", { "dependencies": { "detect-libc": "^2.0.1" }, "bin": { "node-gyp-build-optional-packages": "bin.js", "node-gyp-build-optional-packages-optional": "optional.js", "node-gyp-build-optional-packages-test": "build-test.js" } }, "sha512-s+w+rBWnpTMwSFbaE0UXsRlg7hU4FjekKU4eyAih5T8nJuNZT1nNsskXpxmeqSK9UzkBl6UgRlnKc8hz8IEqOw=="],

    "picomatch": ["picomatch@2.3.1", "", {}, "sha512-JU3teHTNjmE2VCGFzuY8EXzCDVwEqB2a8fsIvwaStHhAWJEeVd1o1QD80CU6+ZdEXXSLbSsuLwJjkCBWqRQUVA=="],

    "pure-rand": ["pure-rand@6.1.0", "", {}, "sha512-bVWawvoZoBYpp6yIoQtQXHZjmz35RSVHnUOTefl8Vcjr8snTPY1wnpSPMWekcFwbxI6gtmT7rSYPFvz71ldiOA=="],

    "to-regex-range": ["to-regex-range@5.0.1", "", { "dependencies": { "is-number": "^7.0.0" } }, "sha512-65P7iz6X5yEr1cwcgvQxbbIw7Uk3gOy5dIdtZ4rDveLqhrdJP+Li/Hx6tyK0NEb+2GCyneCMJiGqrADCSNk8sQ=="],

    "toml": ["toml@3.0.0", "", {}, "sha512-y/mWCZinnvxjTKYhJ+pYxwD0mRLVvOtdS2Awbgxln6iEnt4rk0yBxeSBHkGJcPucRiG0e55mwWp+g/05rsrd6w=="],

    "typescript": ["typescript@5.9.3", "", { "bin": { "tsc": "bin/tsc", "tsserver": "bin/tsserver" } }, "sha512-jl1vZzPDinLr9eUt3J/t7V6FgNEw9QjvBPdysz9KfQDD41fQrC2Y4vKQdiaUpFT4bXlb1RHhLpp8wtm6M5TgSw=="],

    "undici": ["undici@7.16.0", "", {}, "sha512-QEg3HPMll0o3t2ourKwOeUAZ159Kn9mx5pnzHRQO8+Wixmh88YdZRiIwat0iNzNNXn0yoEtXJqFpyW7eM8BV7g=="],

    "undici-types": ["undici-types@6.21.0", "", {}, "sha512-iwDZqg0QAGrg9Rav5H4n0M64c3mkR59cJ6wQp+7C4nI0gsmExaedaYLNO44eT4AtBBwjbTiGPMlt2Md0T9H9JQ=="],

    "uuid": ["uuid@11.1.0", "", { "bin": { "uuid": "dist/esm/bin/uuid" } }, "sha512-0/A9rDy9P7cJ+8w1c9WD9V//9Wj15Ce2MPz8Ri6032usz+NfePxx5AcN3bN+r6ZL6jEo066/yNYB3tn4pQEx+A=="],

    "ws": ["ws@8.18.3", "", { "peerDependencies": { "bufferutil": "^4.0.1", "utf-8-validate": ">=5.0.2" }, "optionalPeers": ["bufferutil", "utf-8-validate"] }, "sha512-PEIGCY5tSlUt50cqyMXfCzX+oOPqN0vuGqWzbcJ2xvnkzkq46oOpz7dQaTDBdfICb4N14+GARUDw2XV2N4tvzg=="],

    "yaml": ["yaml@2.8.1", "", { "bin": { "yaml": "bin.mjs" } }, "sha512-lcYcMxX2PO9XMGvAJkJ3OsNMw+/7FKes7/hgerGUYWIoWu5j/+YQqcZr5JnPZWzOsEBgMbSbiSTn/dv/69Mkpw=="],

    "bun-types/@types/node": ["@types/node@24.7.2", "", { "dependencies": { "undici-types": "~7.14.0" } }, "sha512-/NbVmcGTP+lj5oa4yiYxxeBjRivKQ5Ns1eSZeB99ExsEQ6rX5XYU1Zy/gGxY/ilqtD4Etx9mKyrPxZRetiahhA=="],

    "node-gyp-build-optional-packages/detect-libc": ["detect-libc@2.1.2", "", {}, "sha512-Btj2BOOO83o3WyH59e8MgXsxEQVcarkUOpEYrubB0urwnN10yQ364rsiByU11nZlqWYZm05i/of7io4mzihBtQ=="],

    "bun-types/@types/node/undici-types": ["undici-types@7.14.0", "", {}, "sha512-QQiYxHuyZ9gQUIrmPo3IA+hUl4KYk8uSA7cHrcKd/l3p1OTpZcM0Tbp9x7FAtXdAYhlasd60ncPpgu6ihG6TOA=="],
  }
}
